{
  "name": "Test",
  "lockfileVersion": 3,
  "requires": true,
  "packages": {
    "": {
      "dependencies": {
        "@eonasdan/tempus-dominus": "^6.7.13",
        "@popperjs/core": "^2.11.8",
        "tsparticles-basic": "^2.12.0",
        "tsparticles-engine": "^2.12.0",
        "uuid": "^9.0.0"
      },
      "devDependencies": {
        "@types/uuid": "^9.0.2"
      }
    },
    "node_modules/@eonasdan/tempus-dominus": {
      "version": "6.7.13",
      "resolved": "https://registry.npmjs.org/@eonasdan/tempus-dominus/-/tempus-dominus-6.7.13.tgz",
      "integrity": "sha512-1saI7S0WM6jVE+799KjwsVwcDgrde4SUwmR9AofWGi+yq6w4j6TfVCF9rss+pMXTjSnApY17Nd70260pdm3LTA==",
      "funding": {
        "url": "https://ko-fi.com/eonasdan"
      },
      "peerDependencies": {
        "@popperjs/core": "^2.11.6"
      },
      "peerDependenciesMeta": {
        "@popperjs/core\"": {
          "optional": true
        }
      }
    },
    "node_modules/@popperjs/core": {
      "version": "2.11.8",
      "resolved": "https://registry.npmjs.org/@popperjs/core/-/core-2.11.8.tgz",
      "integrity": "sha512-P1st0aksCrn9sGZhp8GMYwBnQsbvAWsZAX44oXNNvLHGqAOcoVxmjZiohstwQ7SqKnbR47akdNi+uleWD8+g6A==",
      "funding": {
        "type": "opencollective",
        "url": "https://opencollective.com/popperjs"
      }
    },
    "node_modules/@types/uuid": {
      "version": "9.0.2",
      "resolved": "https://registry.npmjs.org/@types/uuid/-/uuid-9.0.2.tgz",
      "integrity": "sha512-kNnC1GFBLuhImSnV7w4njQkUiJi0ZXUycu1rUaouPqiKlXkh77JKgdRnTAp1x5eBwcIwbtI+3otwzuIDEuDoxQ==",
      "dev": true
    },
    "node_modules/tsparticles-basic": {
      "version": "2.12.0",
      "resolved": "https://registry.npmjs.org/tsparticles-basic/-/tsparticles-basic-2.12.0.tgz",
      "integrity": "sha512-pN6FBpL0UsIUXjYbiui5+IVsbIItbQGOlwyGV55g6IYJBgdTNXgFX0HRYZGE9ZZ9psEXqzqwLM37zvWnb5AG9g==",
      "funding": [
        {
          "type": "github",
          "url": "https://github.com/sponsors/matteobruni"
        },
        {
          "type": "github",
          "url": "https://github.com/sponsors/tsparticles"
        },
        {
          "type": "buymeacoffee",
          "url": "https://www.buymeacoffee.com/matteobruni"
        }
      ],
      "dependencies": {
        "tsparticles-engine": "^2.12.0",
        "tsparticles-move-base": "^2.12.0",
        "tsparticles-shape-circle": "^2.12.0",
        "tsparticles-updater-color": "^2.12.0",
        "tsparticles-updater-opacity": "^2.12.0",
        "tsparticles-updater-out-modes": "^2.12.0",
        "tsparticles-updater-size": "^2.12.0"
      }
    },
    "node_modules/tsparticles-engine": {
      "version": "2.12.0",
      "resolved": "https://registry.npmjs.org/tsparticles-engine/-/tsparticles-engine-2.12.0.tgz",
      "integrity": "sha512-ZjDIYex6jBJ4iMc9+z0uPe7SgBnmb6l+EJm83MPIsOny9lPpetMsnw/8YJ3xdxn8hV+S3myTpTN1CkOVmFv0QQ==",
      "funding": [
        {
          "type": "github",
          "url": "https://github.com/sponsors/matteobruni"
        },
        {
          "type": "github",
          "url": "https://github.com/sponsors/tsparticles"
        },
        {
          "type": "buymeacoffee",
          "url": "https://www.buymeacoffee.com/matteobruni"
        }
      ],
      "hasInstallScript": true
    },
    "node_modules/tsparticles-move-base": {
      "version": "2.12.0",
      "resolved": "https://registry.npmjs.org/tsparticles-move-base/-/tsparticles-move-base-2.12.0.tgz",
      "integrity": "sha512-oSogCDougIImq+iRtIFJD0YFArlorSi8IW3HD2gO3USkH+aNn3ZqZNTqp321uB08K34HpS263DTbhLHa/D6BWw==",
      "dependencies": {
        "tsparticles-engine": "^2.12.0"
      }
    },
    "node_modules/tsparticles-shape-circle": {
      "version": "2.12.0",
      "resolved": "https://registry.npmjs.org/tsparticles-shape-circle/-/tsparticles-shape-circle-2.12.0.tgz",
      "integrity": "sha512-L6OngbAlbadG7b783x16ns3+SZ7i0SSB66M8xGa5/k+YcY7zm8zG0uPt1Hd+xQDR2aNA3RngVM10O23/Lwk65Q==",
      "dependencies": {
        "tsparticles-engine": "^2.12.0"
      }
    },
    "node_modules/tsparticles-updater-color": {
      "version": "2.12.0",
      "resolved": "https://registry.npmjs.org/tsparticles-updater-color/-/tsparticles-updater-color-2.12.0.tgz",
      "integrity": "sha512-KcG3a8zd0f8CTiOrylXGChBrjhKcchvDJjx9sp5qpwQK61JlNojNCU35xoaSk2eEHeOvFjh0o3CXWUmYPUcBTQ==",
      "dependencies": {
        "tsparticles-engine": "^2.12.0"
      }
    },
    "node_modules/tsparticles-updater-opacity": {
      "version": "2.12.0",
      "resolved": "https://registry.npmjs.org/tsparticles-updater-opacity/-/tsparticles-updater-opacity-2.12.0.tgz",
      "integrity": "sha512-YUjMsgHdaYi4HN89LLogboYcCi1o9VGo21upoqxq19yRy0hRCtx2NhH22iHF/i5WrX6jqshN0iuiiNefC53CsA==",
      "dependencies": {
        "tsparticles-engine": "^2.12.0"
      }
    },
    "node_modules/tsparticles-updater-out-modes": {
      "version": "2.12.0",
      "resolved": "https://registry.npmjs.org/tsparticles-updater-out-modes/-/tsparticles-updater-out-modes-2.12.0.tgz",
      "integrity": "sha512-owBp4Gk0JNlSrmp12XVEeBroDhLZU+Uq3szbWlHGSfcR88W4c/0bt0FiH5bHUqORIkw+m8O56hCjbqwj69kpOQ==",
      "dependencies": {
        "tsparticles-engine": "^2.12.0"
      }
    },
    "node_modules/tsparticles-updater-size": {
      "version": "2.12.0",
      "resolved": "https://registry.npmjs.org/tsparticles-updater-size/-/tsparticles-updater-size-2.12.0.tgz",
      "integrity": "sha512-B0yRdEDd/qZXCGDL/ussHfx5YJ9UhTqNvmS5X2rR2hiZhBAE2fmsXLeWkdtF2QusjPeEqFDxrkGiLOsh6poqRA==",
      "dependencies": {
        "tsparticles-engine": "^2.12.0"
      }
    },
    "node_modules/uuid": {
      "version": "9.0.0",
      "resolved": "https://registry.npmjs.org/uuid/-/uuid-9.0.0.tgz",
      "integrity": "sha512-MXcSTerfPa4uqyzStbRoTgt5XIe3x5+42+q1sDuy3R5MDk66URdLMOZe5aPX/SQd+kuYAh0FdP/pO28IkQyTeg==",
      "bin": {
        "uuid": "dist/bin/uuid"
      }
    }
  }
}
